
Microsoft Visual Studio Solution File, Format Version 12.00
# Visual Studio Version 16
VisualStudioVersion = 16.0.30225.117
MinimumVisualStudioVersion = 10.0.40219.1
Project("{FAE04EC0-301F-11D3-BF4B-00C04F79EFBC}") = "Mostafa_jafari_nasab_1114", "Mostafa_jafari_nasab_1114\Mostafa_jafari_nasab_1114.csproj", "{0A1109D7-36C7-45A5-829C-7D8037C20B8D}"
EndProject
Global
	GlobalSection(SolutionConfigurationPlatforms) = preSolution
		Debug|Any CPU = Debug|Any CPU
		Release|Any CPU = Release|Any CPU
	EndGlobalSection
	GlobalSection(ProjectConfigurationPlatforms) = postSolution
		{0A1109D7-36C7-45A5-829C-7D8037C20B8D}.Debug|Any CPU.ActiveCfg = Debug|Any CPU
		{0A1109D7-36C7-45A5-829C-7D8037C20B8D}.Debug|Any CPU.Build.0 = Debug|Any CPU
		{0A1109D7-36C7-45A5-829C-7D8037C20B8D}.Release|Any CPU.ActiveCfg = Release|Any CPU
		{0A1109D7-36C7-45A5-829C-7D8037C20B8D}.Release|Any CPU.Build.0 = Release|Any CPU
	EndGlobalSection
	GlobalSection(SolutionProperties) = preSolution
		HideSolutionNode = FALSE
	EndGlobalSection
	GlobalSection(ExtensibilityGlobals) = postSolution
		SolutionGuid = {701599CB-48C0-43C3-9339-109D486E6DF6}
	EndGlobalSection
EndGlobal
